// !$*UTF8*$!
{
	archiveVersion = 1;
	classes = {
	};
	objectVersion = 56;
	objects = {

/* Begin PBXBuildFile section */
		BDA066342A6757AE00D49F48 /* HN_iOSApp.swift in Sources */ = {isa = PBXBuildFile; fileRef = BDA066332A6757AE00D49F48 /* HN_iOSApp.swift */; };
		BDA066382A6757AF00D49F48 /* Assets.xcassets in Resources */ = {isa = PBXBuildFile; fileRef = BDA066372A6757AF00D49F48 /* Assets.xcassets */; };
		BDA0663C2A6757AF00D49F48 /* Preview Assets.xcassets in Resources */ = {isa = PBXBuildFile; fileRef = BDA0663B2A6757AF00D49F48 /* Preview Assets.xcassets */; };
		BDA066452A67581800D49F48 /* HNItem.swift in Sources */ = {isa = PBXBuildFile; fileRef = BDA066422A67581800D49F48 /* HNItem.swift */; };
		BDA066462A67581800D49F48 /* HNItemStore.swift in Sources */ = {isa = PBXBuildFile; fileRef = BDA066432A67581800D49F48 /* HNItemStore.swift */; };
		BDA066472A67581800D49F48 /* HNService.swift in Sources */ = {isa = PBXBuildFile; fileRef = BDA066442A67581800D49F48 /* HNService.swift */; };
		BDA066492A67582900D49F48 /* NewsView.swift in Sources */ = {isa = PBXBuildFile; fileRef = BDA066482A67582900D49F48 /* NewsView.swift */; };
		BDA0664E2A67589900D49F48 /* Alamofire in Frameworks */ = {isa = PBXBuildFile; productRef = BDA0664D2A67589900D49F48 /* Alamofire */; };
		BDA066562A67593D00D49F48 /* ItemView.swift in Sources */ = {isa = PBXBuildFile; fileRef = BDA066532A67593D00D49F48 /* ItemView.swift */; };
		BDA066572A67593D00D49F48 /* RowItem.swift in Sources */ = {isa = PBXBuildFile; fileRef = BDA066542A67593D00D49F48 /* RowItem.swift */; };
		BDA066582A67593D00D49F48 /* CustomLinkView.swift in Sources */ = {isa = PBXBuildFile; fileRef = BDA066552A67593D00D49F48 /* CustomLinkView.swift */; };
/* End PBXBuildFile section */

/* Begin PBXFileReference section */
		BDA066302A6757AE00D49F48 /* HN-iOS.app */ = {isa = PBXFileReference; explicitFileType = wrapper.application; includeInIndex = 0; path = "HN-iOS.app"; sourceTree = BUILT_PRODUCTS_DIR; };
		BDA066332A6757AE00D49F48 /* HN_iOSApp.swift */ = {isa = PBXFileReference; lastKnownFileType = sourcecode.swift; path = HN_iOSApp.swift; sourceTree = "<group>"; };
		BDA066372A6757AF00D49F48 /* Assets.xcassets */ = {isa = PBXFileReference; lastKnownFileType = folder.assetcatalog; path = Assets.xcassets; sourceTree = "<group>"; };
		BDA066392A6757AF00D49F48 /* HN_iOS.entitlements */ = {isa = PBXFileReference; lastKnownFileType = text.plist.entitlements; path = HN_iOS.entitlements; sourceTree = "<group>"; };
		BDA0663B2A6757AF00D49F48 /* Preview Assets.xcassets */ = {isa = PBXFileReference; lastKnownFileType = folder.assetcatalog; path = "Preview Assets.xcassets"; sourceTree = "<group>"; };
		BDA066422A67581800D49F48 /* HNItem.swift */ = {isa = PBXFileReference; fileEncoding = 4; lastKnownFileType = sourcecode.swift; path = HNItem.swift; sourceTree = "<group>"; };
		BDA066432A67581800D49F48 /* HNItemStore.swift */ = {isa = PBXFileReference; fileEncoding = 4; lastKnownFileType = sourcecode.swift; path = HNItemStore.swift; sourceTree = "<group>"; };
		BDA066442A67581800D49F48 /* HNService.swift */ = {isa = PBXFileReference; fileEncoding = 4; lastKnownFileType = sourcecode.swift; path = HNService.swift; sourceTree = "<group>"; };
		BDA066482A67582900D49F48 /* NewsView.swift */ = {isa = PBXFileReference; fileEncoding = 4; lastKnownFileType = sourcecode.swift; path = NewsView.swift; sourceTree = "<group>"; };
		BDA066532A67593D00D49F48 /* ItemView.swift */ = {isa = PBXFileReference; fileEncoding = 4; lastKnownFileType = sourcecode.swift; path = ItemView.swift; sourceTree = "<group>"; };
		BDA066542A67593D00D49F48 /* RowItem.swift */ = {isa = PBXFileReference; fileEncoding = 4; lastKnownFileType = sourcecode.swift; path = RowItem.swift; sourceTree = "<group>"; };
		BDA066552A67593D00D49F48 /* CustomLinkView.swift */ = {isa = PBXFileReference; fileEncoding = 4; lastKnownFileType = sourcecode.swift; path = CustomLinkView.swift; sourceTree = "<group>"; };
/* End PBXFileReference section */

/* Begin PBXFrameworksBuildPhase section */
		BDA0662D2A6757AE00D49F48 /* Frameworks */ = {
			isa = PBXFrameworksBuildPhase;
			buildActionMask = 2147483647;
			files = (
				BDA0664E2A67589900D49F48 /* Alamofire in Frameworks */,
			);
			runOnlyForDeploymentPostprocessing = 0;
		};
/* End PBXFrameworksBuildPhase section */

/* Begin PBXGroup section */
		BDA066272A6757AE00D49F48 = {
			isa = PBXGroup;
			children = (
				BDA066322A6757AE00D49F48 /* HN-iOS */,
				BDA066312A6757AE00D49F48 /* Products */,
			);
			sourceTree = "<group>";
		};
		BDA066312A6757AE00D49F48 /* Products */ = {
			isa = PBXGroup;
			children = (
				BDA066302A6757AE00D49F48 /* HN-iOS.app */,
			);
			name = Products;
			sourceTree = "<group>";
		};
		BDA066322A6757AE00D49F48 /* HN-iOS */ = {
			isa = PBXGroup;
			children = (
				BDA066522A67593D00D49F48 /* Views */,
				BDA066332A6757AE00D49F48 /* HN_iOSApp.swift */,
				BDA066422A67581800D49F48 /* HNItem.swift */,
				BDA066432A67581800D49F48 /* HNItemStore.swift */,
				BDA066442A67581800D49F48 /* HNService.swift */,
				BDA066482A67582900D49F48 /* NewsView.swift */,
				BDA066372A6757AF00D49F48 /* Assets.xcassets */,
				BDA066392A6757AF00D49F48 /* HN_iOS.entitlements */,
				BDA0663A2A6757AF00D49F48 /* Preview Content */,
			);
			path = "HN-iOS";
			sourceTree = "<group>";
		};
		BDA0663A2A6757AF00D49F48 /* Preview Content */ = {
			isa = PBXGroup;
			children = (
				BDA0663B2A6757AF00D49F48 /* Preview Assets.xcassets */,
			);
			path = "Preview Content";
			sourceTree = "<group>";
		};
		BDA066522A67593D00D49F48 /* Views */ = {
			isa = PBXGroup;
			children = (
				BDA066532A67593D00D49F48 /* ItemView.swift */,
				BDA066542A67593D00D49F48 /* RowItem.swift */,
				BDA066552A67593D00D49F48 /* CustomLinkView.swift */,
			);
			path = Views;
			sourceTree = "<group>";
		};
/* End PBXGroup section */

/* Begin PBXNativeTarget section */
		BDA0662F2A6757AE00D49F48 /* HN-iOS */ = {
			isa = PBXNativeTarget;
			buildConfigurationList = BDA0663F2A6757AF00D49F48 /* Build configuration list for PBXNativeTarget "HN-iOS" */;
			buildPhases = (
				BDA0662C2A6757AE00D49F48 /* Sources */,
				BDA0662D2A6757AE00D49F48 /* Frameworks */,
				BDA0662E2A6757AE00D49F48 /* Resources */,
			);
			buildRules = (
			);
			dependencies = (
			);
			name = "HN-iOS";
			packageProductDependencies = (
				BDA0664D2A67589900D49F48 /* Alamofire */,
			);
			productName = "HN-iOS";
			productReference = BDA066302A6757AE00D49F48 /* HN-iOS.app */;
			productType = "com.apple.product-type.application";
		};
/* End PBXNativeTarget section */

/* Begin PBXProject section */
		BDA066282A6757AE00D49F48 /* Project object */ = {
			isa = PBXProject;
			attributes = {
				BuildIndependentTargetsInParallel = 1;
				LastSwiftUpdateCheck = 1430;
				LastUpgradeCheck = 1430;
				TargetAttributes = {
					BDA0662F2A6757AE00D49F48 = {
						CreatedOnToolsVersion = 14.3.1;
					};
				};
			};
			buildConfigurationList = BDA0662B2A6757AE00D49F48 /* Build configuration list for PBXProject "HN-iOS" */;
			compatibilityVersion = "Xcode 14.0";
			developmentRegion = en;
			hasScannedForEncodings = 0;
			knownRegions = (
				en,
				Base,
			);
			mainGroup = BDA066272A6757AE00D49F48;
			packageReferences = (
				BDA0664C2A67589900D49F48 /* XCRemoteSwiftPackageReference "Alamofire" */,
			);
			productRefGroup = BDA066312A6757AE00D49F48 /* Products */;
			projectDirPath = "";
			projectRoot = "";
			targets = (
				BDA0662F2A6757AE00D49F48 /* HN-iOS */,
			);
		};
/* End PBXProject section */

/* Begin PBXResourcesBuildPhase section */
		BDA0662E2A6757AE00D49F48 /* Resources */ = {
			isa = PBXResourcesBuildPhase;
			buildActionMask = 2147483647;
			files = (
				BDA0663C2A6757AF00D49F48 /* Preview Assets.xcassets in Resources */,
				BDA066382A6757AF00D49F48 /* Assets.xcassets in Resources */,
			);
			runOnlyForDeploymentPostprocessing = 0;
		};
/* End PBXResourcesBuildPhase section */

/* Begin PBXSourcesBuildPhase section */
		BDA0662C2A6757AE00D49F48 /* Sources */ = {
			isa = PBXSourcesBuildPhase;
			buildActionMask = 2147483647;
			files = (
				BDA066342A6757AE00D49F48 /* HN_iOSApp.swift in Sources */,
				BDA066572A67593D00D49F48 /* RowItem.swift in Sources */,
				BDA066562A67593D00D49F48 /* ItemView.swift in Sources */,
				BDA066582A67593D00D49F48 /* CustomLinkView.swift in Sources */,
				BDA066472A67581800D49F48 /* HNService.swift in Sources */,
				BDA066492A67582900D49F48 /* NewsView.swift in Sources */,
				BDA066462A67581800D49F48 /* HNItemStore.swift in Sources */,
				BDA066452A67581800D49F48 /* HNItem.swift in Sources */,
			);
			runOnlyForDeploymentPostprocessing = 0;
		};
/* End PBXSourcesBuildPhase section */

/* Begin XCBuildConfiguration section */
		BDA0663D2A6757AF00D49F48 /* Debug */ = {
			isa = XCBuildConfiguration;
			buildSettings = {
				ALWAYS_SEARCH_USER_PATHS = NO;
				CLANG_ANALYZER_NONNULL = YES;
				CLANG_ANALYZER_NUMBER_OBJECT_CONVERSION = YES_AGGRESSIVE;
				CLANG_CXX_LANGUAGE_STANDARD = "gnu++20";
				CLANG_ENABLE_MODULES = YES;
				CLANG_ENABLE_OBJC_ARC = YES;
				CLANG_ENABLE_OBJC_WEAK = YES;
				CLANG_WARN_BLOCK_CAPTURE_AUTORELEASING = YES;
				CLANG_WARN_BOOL_CONVERSION = YES;
				CLANG_WARN_COMMA = YES;
				CLANG_WARN_CONSTANT_CONVERSION = YES;
				CLANG_WARN_DEPRECATED_OBJC_IMPLEMENTATIONS = YES;
				CLANG_WARN_DIRECT_OBJC_ISA_USAGE = YES_ERROR;
				CLANG_WARN_DOCUMENTATION_COMMENTS = YES;
				CLANG_WARN_EMPTY_BODY = YES;
				CLANG_WARN_ENUM_CONVERSION = YES;
				CLANG_WARN_INFINITE_RECURSION = YES;
				CLANG_WARN_INT_CONVERSION = YES;
				CLANG_WARN_NON_LITERAL_NULL_CONVERSION = YES;
				CLANG_WARN_OBJC_IMPLICIT_RETAIN_SELF = YES;
				CLANG_WARN_OBJC_LITERAL_CONVERSION = YES;
				CLANG_WARN_OBJC_ROOT_CLASS = YES_ERROR;
				CLANG_WARN_QUOTED_INCLUDE_IN_FRAMEWORK_HEADER = YES;
				CLANG_WARN_RANGE_LOOP_ANALYSIS = YES;
				CLANG_WARN_STRICT_PROTOTYPES = YES;
				CLANG_WARN_SUSPICIOUS_MOVE = YES;
				CLANG_WARN_UNGUARDED_AVAILABILITY = YES_AGGRESSIVE;
				CLANG_WARN_UNREACHABLE_CODE = YES;
				CLANG_WARN__DUPLICATE_METHOD_MATCH = YES;
				COPY_PHASE_STRIP = NO;
				DEBUG_INFORMATION_FORMAT = dwarf;
				ENABLE_STRICT_OBJC_MSGSEND = YES;
				ENABLE_TESTABILITY = YES;
				GCC_C_LANGUAGE_STANDARD = gnu11;
				GCC_DYNAMIC_NO_PIC = NO;
				GCC_NO_COMMON_BLOCKS = YES;
				GCC_OPTIMIZATION_LEVEL = 0;
				GCC_PREPROCESSOR_DEFINITIONS = (
					"DEBUG=1",
					"$(inherited)",
				);
				GCC_WARN_64_TO_32_BIT_CONVERSION = YES;
				GCC_WARN_ABOUT_RETURN_TYPE = YES_ERROR;
				GCC_WARN_UNDECLARED_SELECTOR = YES;
				GCC_WARN_UNINITIALIZED_AUTOS = YES_AGGRESSIVE;
				GCC_WARN_UNUSED_FUNCTION = YES;
				GCC_WARN_UNUSED_VARIABLE = YES;
				MTL_ENABLE_DEBUG_INFO = INCLUDE_SOURCE;
				MTL_FAST_MATH = YES;
				ONLY_ACTIVE_ARCH = YES;
				SWIFT_ACTIVE_COMPILATION_CONDITIONS = DEBUG;
				SWIFT_OPTIMIZATION_LEVEL = "-Onone";
			};
			name = Debug;
		};
		BDA0663E2A6757AF00D49F48 /* Release */ = {
			isa = XCBuildConfiguration;
			buildSettings = {
				ALWAYS_SEARCH_USER_PATHS = NO;
				CLANG_ANALYZER_NONNULL = YES;
				CLANG_ANALYZER_NUMBER_OBJECT_CONVERSION = YES_AGGRESSIVE;
				CLANG_CXX_LANGUAGE_STANDARD = "gnu++20";
				CLANG_ENABLE_MODULES = YES;
				CLANG_ENABLE_OBJC_ARC = YES;
				CLANG_ENABLE_OBJC_WEAK = YES;
				CLANG_WARN_BLOCK_CAPTURE_AUTORELEASING = YES;
				CLANG_WARN_BOOL_CONVERSION = YES;
				CLANG_WARN_COMMA = YES;
				CLANG_WARN_CONSTANT_CONVERSION = YES;
				CLANG_WARN_DEPRECATED_OBJC_IMPLEMENTATIONS = YES;
				CLANG_WARN_DIRECT_OBJC_ISA_USAGE = YES_ERROR;
				CLANG_WARN_DOCUMENTATION_COMMENTS = YES;
				CLANG_WARN_EMPTY_BODY = YES;
				CLANG_WARN_ENUM_CONVERSION = YES;
				CLANG_WARN_INFINITE_RECURSION = YES;
				CLANG_WARN_INT_CONVERSION = YES;
				CLANG_WARN_NON_LITERAL_NULL_CONVERSION = YES;
				CLANG_WARN_OBJC_IMPLICIT_RETAIN_SELF = YES;
				CLANG_WARN_OBJC_LITERAL_CONVERSION = YES;
				CLANG_WARN_OBJC_ROOT_CLASS = YES_ERROR;
				CLANG_WARN_QUOTED_INCLUDE_IN_FRAMEWORK_HEADER = YES;
				CLANG_WARN_RANGE_LOOP_ANALYSIS = YES;
				CLANG_WARN_STRICT_PROTOTYPES = YES;
				CLANG_WARN_SUSPICIOUS_MOVE = YES;
				CLANG_WARN_UNGUARDED_AVAILABILITY = YES_AGGRESSIVE;
				CLANG_WARN_UNREACHABLE_CODE = YES;
				CLANG_WARN__DUPLICATE_METHOD_MATCH = YES;
				COPY_PHASE_STRIP = NO;
				DEBUG_INFORMATION_FORMAT = "dwarf-with-dsym";
				ENABLE_NS_ASSERTIONS = NO;
				ENABLE_STRICT_OBJC_MSGSEND = YES;
				GCC_C_LANGUAGE_STANDARD = gnu11;
				GCC_NO_COMMON_BLOCKS = YES;
				GCC_WARN_64_TO_32_BIT_CONVERSION = YES;
				GCC_WARN_ABOUT_RETURN_TYPE = YES_ERROR;
				GCC_WARN_UNDECLARED_SELECTOR = YES;
				GCC_WARN_UNINITIALIZED_AUTOS = YES_AGGRESSIVE;
				GCC_WARN_UNUSED_FUNCTION = YES;
				GCC_WARN_UNUSED_VARIABLE = YES;
				MTL_ENABLE_DEBUG_INFO = NO;
				MTL_FAST_MATH = YES;
				SWIFT_COMPILATION_MODE = wholemodule;
				SWIFT_OPTIMIZATION_LEVEL = "-O";
			};
			name = Release;
		};
		BDA066402A6757AF00D49F48 /* Debug */ = {
			isa = XCBuildConfiguration;
			buildSettings = {
				ASSETCATALOG_COMPILER_APPICON_NAME = AppIcon;
				ASSETCATALOG_COMPILER_GLOBAL_ACCENT_COLOR_NAME = AccentColor;
				CODE_SIGN_ENTITLEMENTS = "HN-iOS/HN_iOS.entitlements";
				CODE_SIGN_STYLE = Automatic;
				CURRENT_PROJECT_VERSION = 1;
				DEVELOPMENT_ASSET_PATHS = "\"HN-iOS/Preview Content\"";
				DEVELOPMENT_TEAM = 95UK85LVH5;
				ENABLE_HARDENED_RUNTIME = YES;
				ENABLE_PREVIEWS = YES;
				GENERATE_INFOPLIST_FILE = YES;
				"INFOPLIST_KEY_UIApplicationSceneManifest_Generation[sdk=iphoneos*]" = YES;
				"INFOPLIST_KEY_UIApplicationSceneManifest_Generation[sdk=iphonesimulator*]" = YES;
				"INFOPLIST_KEY_UIApplicationSupportsIndirectInputEvents[sdk=iphoneos*]" = YES;
				"INFOPLIST_KEY_UIApplicationSupportsIndirectInputEvents[sdk=iphonesimulator*]" = YES;
				"INFOPLIST_KEY_UILaunchScreen_Generation[sdk=iphoneos*]" = YES;
				"INFOPLIST_KEY_UILaunchScreen_Generation[sdk=iphonesimulator*]" = YES;
				"INFOPLIST_KEY_UIStatusBarStyle[sdk=iphoneos*]" = UIStatusBarStyleDefault;
				"INFOPLIST_KEY_UIStatusBarStyle[sdk=iphonesimulator*]" = UIStatusBarStyleDefault;
				INFOPLIST_KEY_UISupportedInterfaceOrientations_iPad = "UIInterfaceOrientationPortrait UIInterfaceOrientationPortraitUpsideDown UIInterfaceOrientationLandscapeLeft UIInterfaceOrientationLandscapeRight";
				INFOPLIST_KEY_UISupportedInterfaceOrientations_iPhone = "UIInterfaceOrientationPortrait UIInterfaceOrientationLandscapeLeft UIInterfaceOrientationLandscapeRight";
				IPHONEOS_DEPLOYMENT_TARGET = 16.4;
				LD_RUNPATH_SEARCH_PATHS = "@executable_path/Frameworks";
				"LD_RUNPATH_SEARCH_PATHS[sdk=macosx*]" = "@executable_path/../Frameworks";
				MACOSX_DEPLOYMENT_TARGET = 13.3;
				MARKETING_VERSION = 1.0;
				PRODUCT_BUNDLE_IDENTIFIER = "com.chickdan.HN-iOS";
				PRODUCT_NAME = "$(TARGET_NAME)";
				SDKROOT = auto;
				SUPPORTED_PLATFORMS = "iphoneos iphonesimulator macosx";
				SWIFT_EMIT_LOC_STRINGS = YES;
				SWIFT_VERSION = 5.0;
				TARGETED_DEVICE_FAMILY = "1,2";
			};
			name = Debug;
		};
		BDA066412A6757AF00D49F48 /* Release */ = {
			isa = XCBuildConfiguration;
			buildSettings = {
				ASSETCATALOG_COMPILER_APPICON_NAME = AppIcon;
				ASSETCATALOG_COMPILER_GLOBAL_ACCENT_COLOR_NAME = AccentColor;
				CODE_SIGN_ENTITLEMENTS = "HN-iOS/HN_iOS.entitlements";
				CODE_SIGN_STYLE = Automatic;
				CURRENT_PROJECT_VERSION = 1;
				DEVELOPMENT_ASSET_PATHS = "\"HN-iOS/Preview Content\"";
				DEVELOPMENT_TEAM = 95UK85LVH5;
				ENABLE_HARDENED_RUNTIME = YES;
				ENABLE_PREVIEWS = YES;
				GENERATE_INFOPLIST_FILE = YES;
				"INFOPLIST_KEY_UIApplicationSceneManifest_Generation[sdk=iphoneos*]" = YES;
				"INFOPLIST_KEY_UIApplicationSceneManifest_Generation[sdk=iphonesimulator*]" = YES;
				"INFOPLIST_KEY_UIApplicationSupportsIndirectInputEvents[sdk=iphoneos*]" = YES;
				"INFOPLIST_KEY_UIApplicationSupportsIndirectInputEvents[sdk=iphonesimulator*]" = YES;
				"INFOPLIST_KEY_UILaunchScreen_Generation[sdk=iphoneos*]" = YES;
				"INFOPLIST_KEY_UILaunchScreen_Generation[sdk=iphonesimulator*]" = YES;
				"INFOPLIST_KEY_UIStatusBarStyle[sdk=iphoneos*]" = UIStatusBarStyleDefault;
				"INFOPLIST_KEY_UIStatusBarStyle[sdk=iphonesimulator*]" = UIStatusBarStyleDefault;
				INFOPLIST_KEY_UISupportedInterfaceOrientations_iPad = "UIInterfaceOrientationPortrait UIInterfaceOrientationPortraitUpsideDown UIInterfaceOrientationLandscapeLeft UIInterfaceOrientationLandscapeRight";
				INFOPLIST_KEY_UISupportedInterfaceOrientations_iPhone = "UIInterfaceOrientationPortrait UIInterfaceOrientationLandscapeLeft UIInterfaceOrientationLandscapeRight";
				IPHONEOS_DEPLOYMENT_TARGET = 16.4;
				LD_RUNPATH_SEARCH_PATHS = "@executable_path/Frameworks";
				"LD_RUNPATH_SEARCH_PATHS[sdk=macosx*]" = "@executable_path/../Frameworks";
				MACOSX_DEPLOYMENT_TARGET = 13.3;
				MARKETING_VERSION = 1.0;
				PRODUCT_BUNDLE_IDENTIFIER = "com.chickdan.HN-iOS";
				PRODUCT_NAME = "$(TARGET_NAME)";
				SDKROOT = auto;
				SUPPORTED_PLATFORMS = "iphoneos iphonesimulator macosx";
				SWIFT_EMIT_LOC_STRINGS = YES;
				SWIFT_VERSION = 5.0;
				TARGETED_DEVICE_FAMILY = "1,2";
			};
			name = Release;
		};
/* End XCBuildConfiguration section */

/* Begin XCConfigurationList section */
		BDA0662B2A6757AE00D49F48 /* Build configuration list for PBXProject "HN-iOS" */ = {
			isa = XCConfigurationList;
			buildConfigurations = (
				BDA0663D2A6757AF00D49F48 /* Debug */,
				BDA0663E2A6757AF00D49F48 /* Release */,
			);
			defaultConfigurationIsVisible = 0;
			defaultConfigurationName = Release;
		};
		BDA0663F2A6757AF00D49F48 /* Build configuration list for PBXNativeTarget "HN-iOS" */ = {
			isa = XCConfigurationList;
			buildConfigurations = (
				BDA066402A6757AF00D49F48 /* Debug */,
				BDA066412A6757AF00D49F48 /* Release */,
			);
			defaultConfigurationIsVisible = 0;
			defaultConfigurationName = Release;
		};
/* End XCConfigurationList section */

/* Begin XCRemoteSwiftPackageReference section */
		BDA0664C2A67589900D49F48 /* XCRemoteSwiftPackageReference "Alamofire" */ = {
			isa = XCRemoteSwiftPackageReference;
			repositoryURL = "https://github.com/Alamofire/Alamofire.git";
			requirement = {
				kind = upToNextMajorVersion;
				minimumVersion = 5.0.0;
			};
		};
/* End XCRemoteSwiftPackageReference section */

/* Begin XCSwiftPackageProductDependency section */
		BDA0664D2A67589900D49F48 /* Alamofire */ = {
			isa = XCSwiftPackageProductDependency;
			package = BDA0664C2A67589900D49F48 /* XCRemoteSwiftPackageReference "Alamofire" */;
			productName = Alamofire;
		};
/* End XCSwiftPackageProductDependency section */
	};
	rootObject = BDA066282A6757AE00D49F48 /* Project object */;
}
